
Microsoft Visual Studio Solution File, Format Version 12.00
# Visual Studio Version 16
VisualStudioVersion = 16.0.31729.503
MinimumVisualStudioVersion = 10.0.40219.1
Project("{FAE04EC0-301F-11D3-BF4B-00C04F79EFBC}") = "MCD_EnumNedir", "MCD_EnumNedir\MCD_EnumNedir.csproj", "{F347D665-2BA4-4575-B711-9C349C7A4EDE}"
EndProject
Global
	GlobalSection(SolutionConfigurationPlatforms) = preSolution
		Debug|Any CPU = Debug|Any CPU
		Release|Any CPU = Release|Any CPU
	EndGlobalSection
	GlobalSection(ProjectConfigurationPlatforms) = postSolution
		{F347D665-2BA4-4575-B711-9C349C7A4EDE}.Debug|Any CPU.ActiveCfg = Debug|Any CPU
		{F347D665-2BA4-4575-B711-9C349C7A4EDE}.Debug|Any CPU.Build.0 = Debug|Any CPU
		{F347D665-2BA4-4575-B711-9C349C7A4EDE}.Release|Any CPU.ActiveCfg = Release|Any CPU
		{F347D665-2BA4-4575-B711-9C349C7A4EDE}.Release|Any CPU.Build.0 = Release|Any CPU
	EndGlobalSection
	GlobalSection(SolutionProperties) = preSolution
		HideSolutionNode = FALSE
	EndGlobalSection
	GlobalSection(ExtensibilityGlobals) = postSolution
		SolutionGuid = {A432FDCC-5697-41E5-BC90-251834A9BAC9}
	EndGlobalSection
EndGlobal
